
Microsoft Visual Studio Solution File, Format Version 12.00
# Visual Studio Version 17
VisualStudioVersion = 17.7.34202.233
MinimumVisualStudioVersion = 10.0.40219.1
Project("{FAE04EC0-301F-11D3-BF4B-00C04F79EFBC}") = "PM2E139.Android", "PM2E139.Android\PM2E139.Android.csproj", "{37DDB716-EA4D-40E4-8107-7505DA4FABA7}"
EndProject
Project("{FAE04EC0-301F-11D3-BF4B-00C04F79EFBC}") = "PM2E139", "PM2E139\PM2E139.csproj", "{94A2856A-38F4-4B21-8F7F-AA50C5A4DB97}"
EndProject
Global
	GlobalSection(SolutionConfigurationPlatforms) = preSolution
		Debug|Any CPU = Debug|Any CPU
		Release|Any CPU = Release|Any CPU
	EndGlobalSection
	GlobalSection(ProjectConfigurationPlatforms) = postSolution
		{37DDB716-EA4D-40E4-8107-7505DA4FABA7}.Debug|Any CPU.ActiveCfg = Debug|Any CPU
		{37DDB716-EA4D-40E4-8107-7505DA4FABA7}.Debug|Any CPU.Build.0 = Debug|Any CPU
		{37DDB716-EA4D-40E4-8107-7505DA4FABA7}.Debug|Any CPU.Deploy.0 = Debug|Any CPU
		{37DDB716-EA4D-40E4-8107-7505DA4FABA7}.Release|Any CPU.ActiveCfg = Release|Any CPU
		{37DDB716-EA4D-40E4-8107-7505DA4FABA7}.Release|Any CPU.Build.0 = Release|Any CPU
		{37DDB716-EA4D-40E4-8107-7505DA4FABA7}.Release|Any CPU.Deploy.0 = Release|Any CPU
		{94A2856A-38F4-4B21-8F7F-AA50C5A4DB97}.Debug|Any CPU.ActiveCfg = Debug|Any CPU
		{94A2856A-38F4-4B21-8F7F-AA50C5A4DB97}.Debug|Any CPU.Build.0 = Debug|Any CPU
		{94A2856A-38F4-4B21-8F7F-AA50C5A4DB97}.Debug|Any CPU.Deploy.0 = Debug|Any CPU
		{94A2856A-38F4-4B21-8F7F-AA50C5A4DB97}.Release|Any CPU.ActiveCfg = Release|Any CPU
		{94A2856A-38F4-4B21-8F7F-AA50C5A4DB97}.Release|Any CPU.Build.0 = Release|Any CPU
		{94A2856A-38F4-4B21-8F7F-AA50C5A4DB97}.Release|Any CPU.Deploy.0 = Release|Any CPU
	EndGlobalSection
	GlobalSection(SolutionProperties) = preSolution
		HideSolutionNode = FALSE
	EndGlobalSection
	GlobalSection(ExtensibilityGlobals) = postSolution
		SolutionGuid = {2791430A-B19C-45F3-8A42-06EC0CC59C52}
	EndGlobalSection
EndGlobal
